// !$*UTF8*$!
{
	archiveVersion = 1;
	classes = {
	};
	objectVersion = 52;
	objects = {

/* Begin PBXBuildFile section */
		9E37FEE425F5078500042E43 /* Home1App.swift in Sources */ = {isa = PBXBuildFile; fileRef = 9E37FEE325F5078500042E43 /* Home1App.swift */; };
		9E37FEE625F5078500042E43 /* RootScreen.swift in Sources */ = {isa = PBXBuildFile; fileRef = 9E37FEE525F5078500042E43 /* RootScreen.swift */; };
		9E37FEE825F5078600042E43 /* Assets.xcassets in Resources */ = {isa = PBXBuildFile; fileRef = 9E37FEE725F5078600042E43 /* Assets.xcassets */; };
		9E37FEEB25F5078600042E43 /* Preview Assets.xcassets in Resources */ = {isa = PBXBuildFile; fileRef = 9E37FEEA25F5078600042E43 /* Preview Assets.xcassets */; };
		9E37FEF625F5126900042E43 /* StartScreen.swift in Sources */ = {isa = PBXBuildFile; fileRef = 9E37FEF525F5126900042E43 /* StartScreen.swift */; };
		9E37FEFA25F51BAD00042E43 /* Router.swift in Sources */ = {isa = PBXBuildFile; fileRef = 9E37FEF925F51BAD00042E43 /* Router.swift */; };
		9E37FEFD25F51DDE00042E43 /* ListScreen.swift in Sources */ = {isa = PBXBuildFile; fileRef = 9E37FEFC25F51DDE00042E43 /* ListScreen.swift */; };
		9E37FF0025F620BF00042E43 /* AdditionalScreen.swift in Sources */ = {isa = PBXBuildFile; fileRef = 9E37FEFF25F620BF00042E43 /* AdditionalScreen.swift */; };
		9E37FF0725F629F600042E43 /* Element.swift in Sources */ = {isa = PBXBuildFile; fileRef = 9E37FF0625F629F600042E43 /* Element.swift */; };
		9E37FF0E25F62B4900042E43 /* ListScreenViewModel.swift in Sources */ = {isa = PBXBuildFile; fileRef = 9E37FF0D25F62B4900042E43 /* ListScreenViewModel.swift */; };
		9EB7869225FE7372009CE442 /* UIComponents in Frameworks */ = {isa = PBXBuildFile; productRef = 9EB7869125FE7372009CE442 /* UIComponents */; };
		9EB7C6EE25F64DCB00890E1E /* ListCell.swift in Sources */ = {isa = PBXBuildFile; fileRef = 9EB7C6ED25F64DCB00890E1E /* ListCell.swift */; };
		9EB7C6F125F64FEA00890E1E /* ElementView.swift in Sources */ = {isa = PBXBuildFile; fileRef = 9EB7C6F025F64FEA00890E1E /* ElementView.swift */; };
/* End PBXBuildFile section */

/* Begin PBXFileReference section */
		9E37FEE025F5078500042E43 /* Home1.app */ = {isa = PBXFileReference; explicitFileType = wrapper.application; includeInIndex = 0; path = Home1.app; sourceTree = BUILT_PRODUCTS_DIR; };
		9E37FEE325F5078500042E43 /* Home1App.swift */ = {isa = PBXFileReference; lastKnownFileType = sourcecode.swift; path = Home1App.swift; sourceTree = "<group>"; };
		9E37FEE525F5078500042E43 /* RootScreen.swift */ = {isa = PBXFileReference; lastKnownFileType = sourcecode.swift; path = RootScreen.swift; sourceTree = "<group>"; };
		9E37FEE725F5078600042E43 /* Assets.xcassets */ = {isa = PBXFileReference; lastKnownFileType = folder.assetcatalog; path = Assets.xcassets; sourceTree = "<group>"; };
		9E37FEEA25F5078600042E43 /* Preview Assets.xcassets */ = {isa = PBXFileReference; lastKnownFileType = folder.assetcatalog; path = "Preview Assets.xcassets"; sourceTree = "<group>"; };
		9E37FEEC25F5078600042E43 /* Info.plist */ = {isa = PBXFileReference; lastKnownFileType = text.plist.xml; path = Info.plist; sourceTree = "<group>"; };
		9E37FEF525F5126900042E43 /* StartScreen.swift */ = {isa = PBXFileReference; lastKnownFileType = sourcecode.swift; path = StartScreen.swift; sourceTree = "<group>"; };
		9E37FEF925F51BAD00042E43 /* Router.swift */ = {isa = PBXFileReference; lastKnownFileType = sourcecode.swift; path = Router.swift; sourceTree = "<group>"; };
		9E37FEFC25F51DDE00042E43 /* ListScreen.swift */ = {isa = PBXFileReference; lastKnownFileType = sourcecode.swift; path = ListScreen.swift; sourceTree = "<group>"; };
		9E37FEFF25F620BF00042E43 /* AdditionalScreen.swift */ = {isa = PBXFileReference; lastKnownFileType = sourcecode.swift; path = AdditionalScreen.swift; sourceTree = "<group>"; };
		9E37FF0625F629F600042E43 /* Element.swift */ = {isa = PBXFileReference; lastKnownFileType = sourcecode.swift; path = Element.swift; sourceTree = "<group>"; };
		9E37FF0D25F62B4900042E43 /* ListScreenViewModel.swift */ = {isa = PBXFileReference; lastKnownFileType = sourcecode.swift; path = ListScreenViewModel.swift; sourceTree = "<group>"; };
		9EB7868E25FE72BD009CE442 /* UIComponents */ = {isa = PBXFileReference; lastKnownFileType = folder; path = UIComponents; sourceTree = "<group>"; };
		9EB7C6ED25F64DCB00890E1E /* ListCell.swift */ = {isa = PBXFileReference; lastKnownFileType = sourcecode.swift; path = ListCell.swift; sourceTree = "<group>"; };
		9EB7C6F025F64FEA00890E1E /* ElementView.swift */ = {isa = PBXFileReference; lastKnownFileType = sourcecode.swift; path = ElementView.swift; sourceTree = "<group>"; };
/* End PBXFileReference section */

/* Begin PBXFrameworksBuildPhase section */
		9E37FEDD25F5078500042E43 /* Frameworks */ = {
			isa = PBXFrameworksBuildPhase;
			buildActionMask = 2147483647;
			files = (
				9EB7869225FE7372009CE442 /* UIComponents in Frameworks */,
			);
			runOnlyForDeploymentPostprocessing = 0;
		};
/* End PBXFrameworksBuildPhase section */

/* Begin PBXGroup section */
		9E37FED725F5078500042E43 = {
			isa = PBXGroup;
			children = (
				9EB7868D25FE7294009CE442 /* Modules */,
				9E37FEE225F5078500042E43 /* Home1 */,
				9E37FEE125F5078500042E43 /* Products */,
				9EB7869025FE7372009CE442 /* Frameworks */,
			);
			sourceTree = "<group>";
		};
		9E37FEE125F5078500042E43 /* Products */ = {
			isa = PBXGroup;
			children = (
				9E37FEE025F5078500042E43 /* Home1.app */,
			);
			name = Products;
			sourceTree = "<group>";
		};
		9E37FEE225F5078500042E43 /* Home1 */ = {
			isa = PBXGroup;
			children = (
				9E37FEE325F5078500042E43 /* Home1App.swift */,
				9E37FF0425F629CC00042E43 /* Screens */,
				9E37FEF825F51B1B00042E43 /* Services */,
				9E37FEE725F5078600042E43 /* Assets.xcassets */,
				9E37FEEC25F5078600042E43 /* Info.plist */,
				9E37FEE925F5078600042E43 /* Preview Content */,
			);
			path = Home1;
			sourceTree = "<group>";
		};
		9E37FEE925F5078600042E43 /* Preview Content */ = {
			isa = PBXGroup;
			children = (
				9E37FEEA25F5078600042E43 /* Preview Assets.xcassets */,
			);
			path = "Preview Content";
			sourceTree = "<group>";
		};
		9E37FEF825F51B1B00042E43 /* Services */ = {
			isa = PBXGroup;
			children = (
				9E37FEF925F51BAD00042E43 /* Router.swift */,
			);
			path = Services;
			sourceTree = "<group>";
		};
		9E37FF0425F629CC00042E43 /* Screens */ = {
			isa = PBXGroup;
			children = (
				9E37FEE525F5078500042E43 /* RootScreen.swift */,
				9E37FF0B25F62A9E00042E43 /* Start */,
				9E37FF0525F629D200042E43 /* List */,
				9E37FF0C25F62AA300042E43 /* Additional */,
			);
			path = Screens;
			sourceTree = "<group>";
		};
		9E37FF0525F629D200042E43 /* List */ = {
			isa = PBXGroup;
			children = (
				9E37FEFC25F51DDE00042E43 /* ListScreen.swift */,
				9E37FF0D25F62B4900042E43 /* ListScreenViewModel.swift */,
				9EB7C6ED25F64DCB00890E1E /* ListCell.swift */,
				9E37FF0625F629F600042E43 /* Element.swift */,
				9EB7C6F025F64FEA00890E1E /* ElementView.swift */,
			);
			path = List;
			sourceTree = "<group>";
		};
		9E37FF0B25F62A9E00042E43 /* Start */ = {
			isa = PBXGroup;
			children = (
				9E37FEF525F5126900042E43 /* StartScreen.swift */,
			);
			path = Start;
			sourceTree = "<group>";
		};
		9E37FF0C25F62AA300042E43 /* Additional */ = {
			isa = PBXGroup;
			children = (
				9E37FEFF25F620BF00042E43 /* AdditionalScreen.swift */,
			);
			path = Additional;
			sourceTree = "<group>";
		};
		9EB7868D25FE7294009CE442 /* Modules */ = {
			isa = PBXGroup;
			children = (
				9EB7868E25FE72BD009CE442 /* UIComponents */,
			);
			path = Modules;
			sourceTree = "<group>";
		};
		9EB7869025FE7372009CE442 /* Frameworks */ = {
			isa = PBXGroup;
			children = (
			);
			name = Frameworks;
			sourceTree = "<group>";
		};
/* End PBXGroup section */

/* Begin PBXNativeTarget section */
		9E37FEDF25F5078500042E43 /* Home1 */ = {
			isa = PBXNativeTarget;
			buildConfigurationList = 9E37FEEF25F5078600042E43 /* Build configuration list for PBXNativeTarget "Home1" */;
			buildPhases = (
				9E37FEDC25F5078500042E43 /* Sources */,
				9E37FEDD25F5078500042E43 /* Frameworks */,
				9E37FEDE25F5078500042E43 /* Resources */,
			);
			buildRules = (
			);
			dependencies = (
			);
			name = Home1;
			packageProductDependencies = (
				9EB7869125FE7372009CE442 /* UIComponents */,
			);
			productName = Home1;
			productReference = 9E37FEE025F5078500042E43 /* Home1.app */;
			productType = "com.apple.product-type.application";
		};
/* End PBXNativeTarget section */

/* Begin PBXProject section */
		9E37FED825F5078500042E43 /* Project object */ = {
			isa = PBXProject;
			attributes = {
				LastSwiftUpdateCheck = 1240;
				LastUpgradeCheck = 1240;
				TargetAttributes = {
					9E37FEDF25F5078500042E43 = {
						CreatedOnToolsVersion = 12.4;
					};
				};
			};
			buildConfigurationList = 9E37FEDB25F5078500042E43 /* Build configuration list for PBXProject "Home1" */;
			compatibilityVersion = "Xcode 9.3";
			developmentRegion = en;
			hasScannedForEncodings = 0;
			knownRegions = (
				en,
				Base,
			);
			mainGroup = 9E37FED725F5078500042E43;
			productRefGroup = 9E37FEE125F5078500042E43 /* Products */;
			projectDirPath = "";
			projectRoot = "";
			targets = (
				9E37FEDF25F5078500042E43 /* Home1 */,
			);
		};
/* End PBXProject section */

/* Begin PBXResourcesBuildPhase section */
		9E37FEDE25F5078500042E43 /* Resources */ = {
			isa = PBXResourcesBuildPhase;
			buildActionMask = 2147483647;
			files = (
				9E37FEEB25F5078600042E43 /* Preview Assets.xcassets in Resources */,
				9E37FEE825F5078600042E43 /* Assets.xcassets in Resources */,
			);
			runOnlyForDeploymentPostprocessing = 0;
		};
/* End PBXResourcesBuildPhase section */

/* Begin PBXSourcesBuildPhase section */
		9E37FEDC25F5078500042E43 /* Sources */ = {
			isa = PBXSourcesBuildPhase;
			buildActionMask = 2147483647;
			files = (
				9E37FEFD25F51DDE00042E43 /* ListScreen.swift in Sources */,
				9E37FEFA25F51BAD00042E43 /* Router.swift in Sources */,
				9E37FEE625F5078500042E43 /* RootScreen.swift in Sources */,
				9E37FEE425F5078500042E43 /* Home1App.swift in Sources */,
				9E37FF0E25F62B4900042E43 /* ListScreenViewModel.swift in Sources */,
				9E37FF0025F620BF00042E43 /* AdditionalScreen.swift in Sources */,
				9EB7C6EE25F64DCB00890E1E /* ListCell.swift in Sources */,
				9E37FF0725F629F600042E43 /* Element.swift in Sources */,
				9E37FEF625F5126900042E43 /* StartScreen.swift in Sources */,
				9EB7C6F125F64FEA00890E1E /* ElementView.swift in Sources */,
			);
			runOnlyForDeploymentPostprocessing = 0;
		};
/* End PBXSourcesBuildPhase section */

/* Begin XCBuildConfiguration section */
		9E37FEED25F5078600042E43 /* Debug */ = {
			isa = XCBuildConfiguration;
			buildSettings = {
				ALWAYS_SEARCH_USER_PATHS = NO;
				CLANG_ANALYZER_NONNULL = YES;
				CLANG_ANALYZER_NUMBER_OBJECT_CONVERSION = YES_AGGRESSIVE;
				CLANG_CXX_LANGUAGE_STANDARD = "gnu++14";
				CLANG_CXX_LIBRARY = "libc++";
				CLANG_ENABLE_MODULES = YES;
				CLANG_ENABLE_OBJC_ARC = YES;
				CLANG_ENABLE_OBJC_WEAK = YES;
				CLANG_WARN_BLOCK_CAPTURE_AUTORELEASING = YES;
				CLANG_WARN_BOOL_CONVERSION = YES;
				CLANG_WARN_COMMA = YES;
				CLANG_WARN_CONSTANT_CONVERSION = YES;
				CLANG_WARN_DEPRECATED_OBJC_IMPLEMENTATIONS = YES;
				CLANG_WARN_DIRECT_OBJC_ISA_USAGE = YES_ERROR;
				CLANG_WARN_DOCUMENTATION_COMMENTS = YES;
				CLANG_WARN_EMPTY_BODY = YES;
				CLANG_WARN_ENUM_CONVERSION = YES;
				CLANG_WARN_INFINITE_RECURSION = YES;
				CLANG_WARN_INT_CONVERSION = YES;
				CLANG_WARN_NON_LITERAL_NULL_CONVERSION = YES;
				CLANG_WARN_OBJC_IMPLICIT_RETAIN_SELF = YES;
				CLANG_WARN_OBJC_LITERAL_CONVERSION = YES;
				CLANG_WARN_OBJC_ROOT_CLASS = YES_ERROR;
				CLANG_WARN_QUOTED_INCLUDE_IN_FRAMEWORK_HEADER = YES;
				CLANG_WARN_RANGE_LOOP_ANALYSIS = YES;
				CLANG_WARN_STRICT_PROTOTYPES = YES;
				CLANG_WARN_SUSPICIOUS_MOVE = YES;
				CLANG_WARN_UNGUARDED_AVAILABILITY = YES_AGGRESSIVE;
				CLANG_WARN_UNREACHABLE_CODE = YES;
				CLANG_WARN__DUPLICATE_METHOD_MATCH = YES;
				COPY_PHASE_STRIP = NO;
				DEBUG_INFORMATION_FORMAT = dwarf;
				ENABLE_STRICT_OBJC_MSGSEND = YES;
				ENABLE_TESTABILITY = YES;
				GCC_C_LANGUAGE_STANDARD = gnu11;
				GCC_DYNAMIC_NO_PIC = NO;
				GCC_NO_COMMON_BLOCKS = YES;
				GCC_OPTIMIZATION_LEVEL = 0;
				GCC_PREPROCESSOR_DEFINITIONS = (
					"DEBUG=1",
					"$(inherited)",
				);
				GCC_WARN_64_TO_32_BIT_CONVERSION = YES;
				GCC_WARN_ABOUT_RETURN_TYPE = YES_ERROR;
				GCC_WARN_UNDECLARED_SELECTOR = YES;
				GCC_WARN_UNINITIALIZED_AUTOS = YES_AGGRESSIVE;
				GCC_WARN_UNUSED_FUNCTION = YES;
				GCC_WARN_UNUSED_VARIABLE = YES;
				IPHONEOS_DEPLOYMENT_TARGET = 14.4;
				MTL_ENABLE_DEBUG_INFO = INCLUDE_SOURCE;
				MTL_FAST_MATH = YES;
				ONLY_ACTIVE_ARCH = YES;
				SDKROOT = iphoneos;
				SWIFT_ACTIVE_COMPILATION_CONDITIONS = DEBUG;
				SWIFT_OPTIMIZATION_LEVEL = "-Onone";
			};
			name = Debug;
		};
		9E37FEEE25F5078600042E43 /* Release */ = {
			isa = XCBuildConfiguration;
			buildSettings = {
				ALWAYS_SEARCH_USER_PATHS = NO;
				CLANG_ANALYZER_NONNULL = YES;
				CLANG_ANALYZER_NUMBER_OBJECT_CONVERSION = YES_AGGRESSIVE;
				CLANG_CXX_LANGUAGE_STANDARD = "gnu++14";
				CLANG_CXX_LIBRARY = "libc++";
				CLANG_ENABLE_MODULES = YES;
				CLANG_ENABLE_OBJC_ARC = YES;
				CLANG_ENABLE_OBJC_WEAK = YES;
				CLANG_WARN_BLOCK_CAPTURE_AUTORELEASING = YES;
				CLANG_WARN_BOOL_CONVERSION = YES;
				CLANG_WARN_COMMA = YES;
				CLANG_WARN_CONSTANT_CONVERSION = YES;
				CLANG_WARN_DEPRECATED_OBJC_IMPLEMENTATIONS = YES;
				CLANG_WARN_DIRECT_OBJC_ISA_USAGE = YES_ERROR;
				CLANG_WARN_DOCUMENTATION_COMMENTS = YES;
				CLANG_WARN_EMPTY_BODY = YES;
				CLANG_WARN_ENUM_CONVERSION = YES;
				CLANG_WARN_INFINITE_RECURSION = YES;
				CLANG_WARN_INT_CONVERSION = YES;
				CLANG_WARN_NON_LITERAL_NULL_CONVERSION = YES;
				CLANG_WARN_OBJC_IMPLICIT_RETAIN_SELF = YES;
				CLANG_WARN_OBJC_LITERAL_CONVERSION = YES;
				CLANG_WARN_OBJC_ROOT_CLASS = YES_ERROR;
				CLANG_WARN_QUOTED_INCLUDE_IN_FRAMEWORK_HEADER = YES;
				CLANG_WARN_RANGE_LOOP_ANALYSIS = YES;
				CLANG_WARN_STRICT_PROTOTYPES = YES;
				CLANG_WARN_SUSPICIOUS_MOVE = YES;
				CLANG_WARN_UNGUARDED_AVAILABILITY = YES_AGGRESSIVE;
				CLANG_WARN_UNREACHABLE_CODE = YES;
				CLANG_WARN__DUPLICATE_METHOD_MATCH = YES;
				COPY_PHASE_STRIP = NO;
				DEBUG_INFORMATION_FORMAT = "dwarf-with-dsym";
				ENABLE_NS_ASSERTIONS = NO;
				ENABLE_STRICT_OBJC_MSGSEND = YES;
				GCC_C_LANGUAGE_STANDARD = gnu11;
				GCC_NO_COMMON_BLOCKS = YES;
				GCC_WARN_64_TO_32_BIT_CONVERSION = YES;
				GCC_WARN_ABOUT_RETURN_TYPE = YES_ERROR;
				GCC_WARN_UNDECLARED_SELECTOR = YES;
				GCC_WARN_UNINITIALIZED_AUTOS = YES_AGGRESSIVE;
				GCC_WARN_UNUSED_FUNCTION = YES;
				GCC_WARN_UNUSED_VARIABLE = YES;
				IPHONEOS_DEPLOYMENT_TARGET = 14.4;
				MTL_ENABLE_DEBUG_INFO = NO;
				MTL_FAST_MATH = YES;
				SDKROOT = iphoneos;
				SWIFT_COMPILATION_MODE = wholemodule;
				SWIFT_OPTIMIZATION_LEVEL = "-O";
				VALIDATE_PRODUCT = YES;
			};
			name = Release;
		};
		9E37FEF025F5078600042E43 /* Debug */ = {
			isa = XCBuildConfiguration;
			buildSettings = {
				ASSETCATALOG_COMPILER_APPICON_NAME = AppIcon;
				ASSETCATALOG_COMPILER_GLOBAL_ACCENT_COLOR_NAME = AccentColor;
				CODE_SIGN_STYLE = Automatic;
				DEVELOPMENT_ASSET_PATHS = "\"Home1/Preview Content\"";
				DEVELOPMENT_TEAM = 6H23SU5HL3;
				ENABLE_PREVIEWS = YES;
				INFOPLIST_FILE = Home1/Info.plist;
				IPHONEOS_DEPLOYMENT_TARGET = 14.0;
				LD_RUNPATH_SEARCH_PATHS = (
					"$(inherited)",
					"@executable_path/Frameworks",
				);
				PRODUCT_BUNDLE_IDENTIFIER = otus.Home1;
				PRODUCT_NAME = "$(TARGET_NAME)";
				SWIFT_VERSION = 5.0;
				TARGETED_DEVICE_FAMILY = "1,2";
			};
			name = Debug;
		};
		9E37FEF125F5078600042E43 /* Release */ = {
			isa = XCBuildConfiguration;
			buildSettings = {
				ASSETCATALOG_COMPILER_APPICON_NAME = AppIcon;
				ASSETCATALOG_COMPILER_GLOBAL_ACCENT_COLOR_NAME = AccentColor;
				CODE_SIGN_STYLE = Automatic;
				DEVELOPMENT_ASSET_PATHS = "\"Home1/Preview Content\"";
				DEVELOPMENT_TEAM = 6H23SU5HL3;
				ENABLE_PREVIEWS = YES;
				INFOPLIST_FILE = Home1/Info.plist;
				IPHONEOS_DEPLOYMENT_TARGET = 14.0;
				LD_RUNPATH_SEARCH_PATHS = (
					"$(inherited)",
					"@executable_path/Frameworks",
				);
				PRODUCT_BUNDLE_IDENTIFIER = otus.Home1;
				PRODUCT_NAME = "$(TARGET_NAME)";
				SWIFT_VERSION = 5.0;
				TARGETED_DEVICE_FAMILY = "1,2";
			};
			name = Release;
		};
/* End XCBuildConfiguration section */

/* Begin XCConfigurationList section */
		9E37FEDB25F5078500042E43 /* Build configuration list for PBXProject "Home1" */ = {
			isa = XCConfigurationList;
			buildConfigurations = (
				9E37FEED25F5078600042E43 /* Debug */,
				9E37FEEE25F5078600042E43 /* Release */,
			);
			defaultConfigurationIsVisible = 0;
			defaultConfigurationName = Release;
		};
		9E37FEEF25F5078600042E43 /* Build configuration list for PBXNativeTarget "Home1" */ = {
			isa = XCConfigurationList;
			buildConfigurations = (
				9E37FEF025F5078600042E43 /* Debug */,
				9E37FEF125F5078600042E43 /* Release */,
			);
			defaultConfigurationIsVisible = 0;
			defaultConfigurationName = Release;
		};
/* End XCConfigurationList section */

/* Begin XCSwiftPackageProductDependency section */
		9EB7869125FE7372009CE442 /* UIComponents */ = {
			isa = XCSwiftPackageProductDependency;
			productName = UIComponents;
		};
/* End XCSwiftPackageProductDependency section */
	};
	rootObject = 9E37FED825F5078500042E43 /* Project object */;
}
